
Microsoft Visual Studio Solution File, Format Version 12.00
# Visual Studio 2013
VisualStudioVersion = 12.0.31101.0
MinimumVisualStudioVersion = 10.0.40219.1
Project("{FAE04EC0-301F-11D3-BF4B-00C04F79EFBC}") = "RippahQuotes", "RippahQuotes\RippahQuotes.csproj", "{F27CDEE0-F2D2-4CB5-AF89-90302535F9E0}"
EndProject
Project("{2150E333-8FDC-42A3-9474-1A3956D46DE8}") = "PublishScripts", "PublishScripts", "{637D64E0-01F8-4082-BE49-A748AC87CA85}"
	ProjectSection(SolutionItems) = preProject
		PublishScripts\AzureWebsitePublishModule.psm1 = PublishScripts\AzureWebsitePublishModule.psm1
		PublishScripts\Publish-WebApplicationWebsite.ps1 = PublishScripts\Publish-WebApplicationWebsite.ps1
	EndProjectSection
EndProject
Project("{2150E333-8FDC-42A3-9474-1A3956D46DE8}") = "Configurations", "Configurations", "{BAF661E4-0A11-4746-8848-5F6E64921980}"
	ProjectSection(SolutionItems) = preProject
		PublishScripts\Configurations\RippahQuotes-WAWS-dev.json = PublishScripts\Configurations\RippahQuotes-WAWS-dev.json
	EndProjectSection
EndProject
Project("{2150E333-8FDC-42A3-9474-1A3956D46DE8}") = ".nuget", ".nuget", "{0F284DD1-B052-49CA-BCDD-211E2D565D36}"
	ProjectSection(SolutionItems) = preProject
		.nuget\packages.config = .nuget\packages.config
	EndProjectSection
EndProject
Global
	GlobalSection(SolutionConfigurationPlatforms) = preSolution
		Debug|Any CPU = Debug|Any CPU
		Release|Any CPU = Release|Any CPU
	EndGlobalSection
	GlobalSection(ProjectConfigurationPlatforms) = postSolution
		{F27CDEE0-F2D2-4CB5-AF89-90302535F9E0}.Debug|Any CPU.ActiveCfg = Debug|Any CPU
		{F27CDEE0-F2D2-4CB5-AF89-90302535F9E0}.Debug|Any CPU.Build.0 = Debug|Any CPU
		{F27CDEE0-F2D2-4CB5-AF89-90302535F9E0}.Release|Any CPU.ActiveCfg = Release|Any CPU
		{F27CDEE0-F2D2-4CB5-AF89-90302535F9E0}.Release|Any CPU.Build.0 = Release|Any CPU
	EndGlobalSection
	GlobalSection(SolutionProperties) = preSolution
		HideSolutionNode = FALSE
	EndGlobalSection
	GlobalSection(NestedProjects) = preSolution
		{BAF661E4-0A11-4746-8848-5F6E64921980} = {637D64E0-01F8-4082-BE49-A748AC87CA85}
	EndGlobalSection
EndGlobal
